// !$*UTF8*$!
{
	archiveVersion = 1;
	classes = {
	};
	objectVersion = 46;
	objects = {

/* Begin PBXBuildFile section */
		6324E6171A2EEA7400981B33 /* main.m in Sources */ = {isa = PBXBuildFile; fileRef = 6324E6161A2EEA7400981B33 /* main.m */; };
		6324E61A1A2EEA7400981B33 /* AppDelegate.m in Sources */ = {isa = PBXBuildFile; fileRef = 6324E6191A2EEA7400981B33 /* AppDelegate.m */; };
		6324E61D1A2EEA7400981B33 /* ViewController.m in Sources */ = {isa = PBXBuildFile; fileRef = 6324E61C1A2EEA7400981B33 /* ViewController.m */; };
		6324E6201A2EEA7400981B33 /* Main.storyboard in Resources */ = {isa = PBXBuildFile; fileRef = 6324E61E1A2EEA7400981B33 /* Main.storyboard */; };
		6324E6221A2EEA7400981B33 /* Images.xcassets in Resources */ = {isa = PBXBuildFile; fileRef = 6324E6211A2EEA7400981B33 /* Images.xcassets */; };
		6324E6251A2EEA7400981B33 /* LaunchScreen.xib in Resources */ = {isa = PBXBuildFile; fileRef = 6324E6231A2EEA7400981B33 /* LaunchScreen.xib */; };
		6324E6311A2EEA7400981B33 /* testCollectionViewTests.m in Sources */ = {isa = PBXBuildFile; fileRef = 6324E6301A2EEA7400981B33 /* testCollectionViewTests.m */; };
/* End PBXBuildFile section */

/* Begin PBXContainerItemProxy section */
		6324E62B1A2EEA7400981B33 /* PBXContainerItemProxy */ = {
			isa = PBXContainerItemProxy;
			containerPortal = 6324E6091A2EEA7300981B33 /* Project object */;
			proxyType = 1;
			remoteGlobalIDString = 6324E6101A2EEA7400981B33;
			remoteInfo = testCollectionView;
		};
/* End PBXContainerItemProxy section */

/* Begin PBXFileReference section */
		6324E6111A2EEA7400981B33 /* testCollectionView.app */ = {isa = PBXFileReference; explicitFileType = wrapper.application; includeInIndex = 0; path = testCollectionView.app; sourceTree = BUILT_PRODUCTS_DIR; };
		6324E6151A2EEA7400981B33 /* Info.plist */ = {isa = PBXFileReference; lastKnownFileType = text.plist.xml; path = Info.plist; sourceTree = "<group>"; };
		6324E6161A2EEA7400981B33 /* main.m */ = {isa = PBXFileReference; lastKnownFileType = sourcecode.c.objc; path = main.m; sourceTree = "<group>"; };
		6324E6181A2EEA7400981B33 /* AppDelegate.h */ = {isa = PBXFileReference; lastKnownFileType = sourcecode.c.h; path = AppDelegate.h; sourceTree = "<group>"; };
		6324E6191A2EEA7400981B33 /* AppDelegate.m */ = {isa = PBXFileReference; lastKnownFileType = sourcecode.c.objc; path = AppDelegate.m; sourceTree = "<group>"; };
		6324E61B1A2EEA7400981B33 /* ViewController.h */ = {isa = PBXFileReference; lastKnownFileType = sourcecode.c.h; path = ViewController.h; sourceTree = "<group>"; };
		6324E61C1A2EEA7400981B33 /* ViewController.m */ = {isa = PBXFileReference; lastKnownFileType = sourcecode.c.objc; path = ViewController.m; sourceTree = "<group>"; };
		6324E61F1A2EEA7400981B33 /* Base */ = {isa = PBXFileReference; lastKnownFileType = file.storyboard; name = Base; path = Base.lproj/Main.storyboard; sourceTree = "<group>"; };
		6324E6211A2EEA7400981B33 /* Images.xcassets */ = {isa = PBXFileReference; lastKnownFileType = folder.assetcatalog; path = Images.xcassets; sourceTree = "<group>"; };
		6324E6241A2EEA7400981B33 /* Base */ = {isa = PBXFileReference; lastKnownFileType = file.xib; name = Base; path = Base.lproj/LaunchScreen.xib; sourceTree = "<group>"; };
		6324E62A1A2EEA7400981B33 /* testCollectionViewTests.xctest */ = {isa = PBXFileReference; explicitFileType = wrapper.cfbundle; includeInIndex = 0; path = testCollectionViewTests.xctest; sourceTree = BUILT_PRODUCTS_DIR; };
		6324E62F1A2EEA7400981B33 /* Info.plist */ = {isa = PBXFileReference; lastKnownFileType = text.plist.xml; path = Info.plist; sourceTree = "<group>"; };
		6324E6301A2EEA7400981B33 /* testCollectionViewTests.m */ = {isa = PBXFileReference; lastKnownFileType = sourcecode.c.objc; path = testCollectionViewTests.m; sourceTree = "<group>"; };
/* End PBXFileReference section */

/* Begin PBXFrameworksBuildPhase section */
		6324E60E1A2EEA7400981B33 /* Frameworks */ = {
			isa = PBXFrameworksBuildPhase;
			buildActionMask = 2147483647;
			files = (
			);
			runOnlyForDeploymentPostprocessing = 0;
		};
		6324E6271A2EEA7400981B33 /* Frameworks */ = {
			isa = PBXFrameworksBuildPhase;
			buildActionMask = 2147483647;
			files = (
			);
			runOnlyForDeploymentPostprocessing = 0;
		};
/* End PBXFrameworksBuildPhase section */

/* Begin PBXGroup section */
		6324E6081A2EEA7300981B33 = {
			isa = PBXGroup;
			children = (
				6324E6131A2EEA7400981B33 /* testCollectionView */,
				6324E62D1A2EEA7400981B33 /* testCollectionViewTests */,
				6324E6121A2EEA7400981B33 /* Products */,
			);
			sourceTree = "<group>";
		};
		6324E6121A2EEA7400981B33 /* Products */ = {
			isa = PBXGroup;
			children = (
				6324E6111A2EEA7400981B33 /* testCollectionView.app */,
				6324E62A1A2EEA7400981B33 /* testCollectionViewTests.xctest */,
			);
			name = Products;
			sourceTree = "<group>";
		};
		6324E6131A2EEA7400981B33 /* testCollectionView */ = {
			isa = PBXGroup;
			children = (
				6324E6181A2EEA7400981B33 /* AppDelegate.h */,
				6324E6191A2EEA7400981B33 /* AppDelegate.m */,
				6324E61B1A2EEA7400981B33 /* ViewController.h */,
				6324E61C1A2EEA7400981B33 /* ViewController.m */,
				6324E61E1A2EEA7400981B33 /* Main.storyboard */,
				6324E6211A2EEA7400981B33 /* Images.xcassets */,
				6324E6231A2EEA7400981B33 /* LaunchScreen.xib */,
				6324E6141A2EEA7400981B33 /* Supporting Files */,
			);
			path = testCollectionView;
			sourceTree = "<group>";
		};
		6324E6141A2EEA7400981B33 /* Supporting Files */ = {
			isa = PBXGroup;
			children = (
				6324E6151A2EEA7400981B33 /* Info.plist */,
				6324E6161A2EEA7400981B33 /* main.m */,
			);
			name = "Supporting Files";
			sourceTree = "<group>";
		};
		6324E62D1A2EEA7400981B33 /* testCollectionViewTests */ = {
			isa = PBXGroup;
			children = (
				6324E6301A2EEA7400981B33 /* testCollectionViewTests.m */,
				6324E62E1A2EEA7400981B33 /* Supporting Files */,
			);
			path = testCollectionViewTests;
			sourceTree = "<group>";
		};
		6324E62E1A2EEA7400981B33 /* Supporting Files */ = {
			isa = PBXGroup;
			children = (
				6324E62F1A2EEA7400981B33 /* Info.plist */,
			);
			name = "Supporting Files";
			sourceTree = "<group>";
		};
/* End PBXGroup section */

/* Begin PBXNativeTarget section */
		6324E6101A2EEA7400981B33 /* testCollectionView */ = {
			isa = PBXNativeTarget;
			buildConfigurationList = 6324E6341A2EEA7400981B33 /* Build configuration list for PBXNativeTarget "testCollectionView" */;
			buildPhases = (
				6324E60D1A2EEA7400981B33 /* Sources */,
				6324E60E1A2EEA7400981B33 /* Frameworks */,
				6324E60F1A2EEA7400981B33 /* Resources */,
			);
			buildRules = (
			);
			dependencies = (
			);
			name = testCollectionView;
			productName = testCollectionView;
			productReference = 6324E6111A2EEA7400981B33 /* testCollectionView.app */;
			productType = "com.apple.product-type.application";
		};
		6324E6291A2EEA7400981B33 /* testCollectionViewTests */ = {
			isa = PBXNativeTarget;
			buildConfigurationList = 6324E6371A2EEA7400981B33 /* Build configuration list for PBXNativeTarget "testCollectionViewTests" */;
			buildPhases = (
				6324E6261A2EEA7400981B33 /* Sources */,
				6324E6271A2EEA7400981B33 /* Frameworks */,
				6324E6281A2EEA7400981B33 /* Resources */,
			);
			buildRules = (
			);
			dependencies = (
				6324E62C1A2EEA7400981B33 /* PBXTargetDependency */,
			);
			name = testCollectionViewTests;
			productName = testCollectionViewTests;
			productReference = 6324E62A1A2EEA7400981B33 /* testCollectionViewTests.xctest */;
			productType = "com.apple.product-type.bundle.unit-test";
		};
/* End PBXNativeTarget section */

/* Begin PBXProject section */
		6324E6091A2EEA7300981B33 /* Project object */ = {
			isa = PBXProject;
			attributes = {
				LastUpgradeCheck = 0610;
				ORGANIZATIONNAME = MyTectra;
				TargetAttributes = {
					6324E6101A2EEA7400981B33 = {
						CreatedOnToolsVersion = 6.1;
					};
					6324E6291A2EEA7400981B33 = {
						CreatedOnToolsVersion = 6.1;
						TestTargetID = 6324E6101A2EEA7400981B33;
					};
				};
			};
			buildConfigurationList = 6324E60C1A2EEA7300981B33 /* Build configuration list for PBXProject "testCollectionView" */;
			compatibilityVersion = "Xcode 3.2";
			developmentRegion = English;
			hasScannedForEncodings = 0;
			knownRegions = (
				en,
				Base,
			);
			mainGroup = 6324E6081A2EEA7300981B33;
			productRefGroup = 6324E6121A2EEA7400981B33 /* Products */;
			projectDirPath = "";
			projectRoot = "";
			targets = (
				6324E6101A2EEA7400981B33 /* testCollectionView */,
				6324E6291A2EEA7400981B33 /* testCollectionViewTests */,
			);
		};
/* End PBXProject section */

/* Begin PBXResourcesBuildPhase section */
		6324E60F1A2EEA7400981B33 /* Resources */ = {
			isa = PBXResourcesBuildPhase;
			buildActionMask = 2147483647;
			files = (
				6324E6201A2EEA7400981B33 /* Main.storyboard in Resources */,
				6324E6251A2EEA7400981B33 /* LaunchScreen.xib in Resources */,
				6324E6221A2EEA7400981B33 /* Images.xcassets in Resources */,
			);
			runOnlyForDeploymentPostprocessing = 0;
		};
		6324E6281A2EEA7400981B33 /* Resources */ = {
			isa = PBXResourcesBuildPhase;
			buildActionMask = 2147483647;
			files = (
			);
			runOnlyForDeploymentPostprocessing = 0;
		};
/* End PBXResourcesBuildPhase section */

/* Begin PBXSourcesBuildPhase section */
		6324E60D1A2EEA7400981B33 /* Sources */ = {
			isa = PBXSourcesBuildPhase;
			buildActionMask = 2147483647;
			files = (
				6324E61D1A2EEA7400981B33 /* ViewController.m in Sources */,
				6324E61A1A2EEA7400981B33 /* AppDelegate.m in Sources */,
				6324E6171A2EEA7400981B33 /* main.m in Sources */,
			);
			runOnlyForDeploymentPostprocessing = 0;
		};
		6324E6261A2EEA7400981B33 /* Sources */ = {
			isa = PBXSourcesBuildPhase;
			buildActionMask = 2147483647;
			files = (
				6324E6311A2EEA7400981B33 /* testCollectionViewTests.m in Sources */,
			);
			runOnlyForDeploymentPostprocessing = 0;
		};
/* End PBXSourcesBuildPhase section */

/* Begin PBXTargetDependency section */
		6324E62C1A2EEA7400981B33 /* PBXTargetDependency */ = {
			isa = PBXTargetDependency;
			target = 6324E6101A2EEA7400981B33 /* testCollectionView */;
			targetProxy = 6324E62B1A2EEA7400981B33 /* PBXContainerItemProxy */;
		};
/* End PBXTargetDependency section */

/* Begin PBXVariantGroup section */
		6324E61E1A2EEA7400981B33 /* Main.storyboard */ = {
			isa = PBXVariantGroup;
			children = (
				6324E61F1A2EEA7400981B33 /* Base */,
			);
			name = Main.storyboard;
			sourceTree = "<group>";
		};
		6324E6231A2EEA7400981B33 /* LaunchScreen.xib */ = {
			isa = PBXVariantGroup;
			children = (
				6324E6241A2EEA7400981B33 /* Base */,
			);
			name = LaunchScreen.xib;
			sourceTree = "<group>";
		};
/* End PBXVariantGroup section */

/* Begin XCBuildConfiguration section */
		6324E6321A2EEA7400981B33 /* Debug */ = {
			isa = XCBuildConfiguration;
			buildSettings = {
				ALWAYS_SEARCH_USER_PATHS = NO;
				CLANG_CXX_LANGUAGE_STANDARD = "gnu++0x";
				CLANG_CXX_LIBRARY = "libc++";
				CLANG_ENABLE_MODULES = YES;
				CLANG_ENABLE_OBJC_ARC = YES;
				CLANG_WARN_BOOL_CONVERSION = YES;
				CLANG_WARN_CONSTANT_CONVERSION = YES;
				CLANG_WARN_DIRECT_OBJC_ISA_USAGE = YES_ERROR;
				CLANG_WARN_EMPTY_BODY = YES;
				CLANG_WARN_ENUM_CONVERSION = YES;
				CLANG_WARN_INT_CONVERSION = YES;
				CLANG_WARN_OBJC_ROOT_CLASS = YES_ERROR;
				CLANG_WARN_UNREACHABLE_CODE = YES;
				CLANG_WARN__DUPLICATE_METHOD_MATCH = YES;
				"CODE_SIGN_IDENTITY[sdk=iphoneos*]" = "iPhone Developer";
				COPY_PHASE_STRIP = NO;
				ENABLE_STRICT_OBJC_MSGSEND = YES;
				GCC_C_LANGUAGE_STANDARD = gnu99;
				GCC_DYNAMIC_NO_PIC = NO;
				GCC_OPTIMIZATION_LEVEL = 0;
				GCC_PREPROCESSOR_DEFINITIONS = (
					"DEBUG=1",
					"$(inherited)",
				);
				GCC_SYMBOLS_PRIVATE_EXTERN = NO;
				GCC_WARN_64_TO_32_BIT_CONVERSION = YES;
				GCC_WARN_ABOUT_RETURN_TYPE = YES_ERROR;
				GCC_WARN_UNDECLARED_SELECTOR = YES;
				GCC_WARN_UNINITIALIZED_AUTOS = YES_AGGRESSIVE;
				GCC_WARN_UNUSED_FUNCTION = YES;
				GCC_WARN_UNUSED_VARIABLE = YES;
				IPHONEOS_DEPLOYMENT_TARGET = 8.1;
				MTL_ENABLE_DEBUG_INFO = YES;
				ONLY_ACTIVE_ARCH = YES;
				SDKROOT = iphoneos;
			};
			name = Debug;
		};
		6324E6331A2EEA7400981B33 /* Release */ = {
			isa = XCBuildConfiguration;
			buildSettings = {
				ALWAYS_SEARCH_USER_PATHS = NO;
				CLANG_CXX_LANGUAGE_STANDARD = "gnu++0x";
				CLANG_CXX_LIBRARY = "libc++";
				CLANG_ENABLE_MODULES = YES;
				CLANG_ENABLE_OBJC_ARC = YES;
				CLANG_WARN_BOOL_CONVERSION = YES;
				CLANG_WARN_CONSTANT_CONVERSION = YES;
				CLANG_WARN_DIRECT_OBJC_ISA_USAGE = YES_ERROR;
				CLANG_WARN_EMPTY_BODY = YES;
				CLANG_WARN_ENUM_CONVERSION = YES;
				CLANG_WARN_INT_CONVERSION = YES;
				CLANG_WARN_OBJC_ROOT_CLASS = YES_ERROR;
				CLANG_WARN_UNREACHABLE_CODE = YES;
				CLANG_WARN__DUPLICATE_METHOD_MATCH = YES;
				"CODE_SIGN_IDENTITY[sdk=iphoneos*]" = "iPhone Developer";
				COPY_PHASE_STRIP = YES;
				ENABLE_NS_ASSERTIONS = NO;
				ENABLE_STRICT_OBJC_MSGSEND = YES;
				GCC_C_LANGUAGE_STANDARD = gnu99;
				GCC_WARN_64_TO_32_BIT_CONVERSION = YES;
				GCC_WARN_ABOUT_RETURN_TYPE = YES_ERROR;
				GCC_WARN_UNDECLARED_SELECTOR = YES;
				GCC_WARN_UNINITIALIZED_AUTOS = YES_AGGRESSIVE;
				GCC_WARN_UNUSED_FUNCTION = YES;
				GCC_WARN_UNUSED_VARIABLE = YES;
				IPHONEOS_DEPLOYMENT_TARGET = 8.1;
				MTL_ENABLE_DEBUG_INFO = NO;
				SDKROOT = iphoneos;
				VALIDATE_PRODUCT = YES;
			};
			name = Release;
		};
		6324E6351A2EEA7400981B33 /* Debug */ = {
			isa = XCBuildConfiguration;
			buildSettings = {
				ASSETCATALOG_COMPILER_APPICON_NAME = AppIcon;
				INFOPLIST_FILE = testCollectionView/Info.plist;
				LD_RUNPATH_SEARCH_PATHS = "$(inherited) @executable_path/Frameworks";
				PRODUCT_NAME = "$(TARGET_NAME)";
			};
			name = Debug;
		};
		6324E6361A2EEA7400981B33 /* Release */ = {
			isa = XCBuildConfiguration;
			buildSettings = {
				ASSETCATALOG_COMPILER_APPICON_NAME = AppIcon;
				INFOPLIST_FILE = testCollectionView/Info.plist;
				LD_RUNPATH_SEARCH_PATHS = "$(inherited) @executable_path/Frameworks";
				PRODUCT_NAME = "$(TARGET_NAME)";
			};
			name = Release;
		};
		6324E6381A2EEA7400981B33 /* Debug */ = {
			isa = XCBuildConfiguration;
			buildSettings = {
				BUNDLE_LOADER = "$(TEST_HOST)";
				FRAMEWORK_SEARCH_PATHS = (
					"$(SDKROOT)/Developer/Library/Frameworks",
					"$(inherited)",
				);
				GCC_PREPROCESSOR_DEFINITIONS = (
					"DEBUG=1",
					"$(inherited)",
				);
				INFOPLIST_FILE = testCollectionViewTests/Info.plist;
				LD_RUNPATH_SEARCH_PATHS = "$(inherited) @executable_path/Frameworks @loader_path/Frameworks";
				PRODUCT_NAME = "$(TARGET_NAME)";
				TEST_HOST = "$(BUILT_PRODUCTS_DIR)/testCollectionView.app/testCollectionView";
			};
			name = Debug;
		};
		6324E6391A2EEA7400981B33 /* Release */ = {
			isa = XCBuildConfiguration;
			buildSettings = {
				BUNDLE_LOADER = "$(TEST_HOST)";
				FRAMEWORK_SEARCH_PATHS = (
					"$(SDKROOT)/Developer/Library/Frameworks",
					"$(inherited)",
				);
				INFOPLIST_FILE = testCollectionViewTests/Info.plist;
				LD_RUNPATH_SEARCH_PATHS = "$(inherited) @executable_path/Frameworks @loader_path/Frameworks";
				PRODUCT_NAME = "$(TARGET_NAME)";
				TEST_HOST = "$(BUILT_PRODUCTS_DIR)/testCollectionView.app/testCollectionView";
			};
			name = Release;
		};
/* End XCBuildConfiguration section */

/* Begin XCConfigurationList section */
		6324E60C1A2EEA7300981B33 /* Build configuration list for PBXProject "testCollectionView" */ = {
			isa = XCConfigurationList;
			buildConfigurations = (
				6324E6321A2EEA7400981B33 /* Debug */,
				6324E6331A2EEA7400981B33 /* Release */,
			);
			defaultConfigurationIsVisible = 0;
			defaultConfigurationName = Release;
		};
		6324E6341A2EEA7400981B33 /* Build configuration list for PBXNativeTarget "testCollectionView" */ = {
			isa = XCConfigurationList;
			buildConfigurations = (
				6324E6351A2EEA7400981B33 /* Debug */,
				6324E6361A2EEA7400981B33 /* Release */,
			);
			defaultConfigurationIsVisible = 0;
		};
		6324E6371A2EEA7400981B33 /* Build configuration list for PBXNativeTarget "testCollectionViewTests" */ = {
			isa = XCConfigurationList;
			buildConfigurations = (
				6324E6381A2EEA7400981B33 /* Debug */,
				6324E6391A2EEA7400981B33 /* Release */,
			);
			defaultConfigurationIsVisible = 0;
		};
/* End XCConfigurationList section */
	};
	rootObject = 6324E6091A2EEA7300981B33 /* Project object */;
}
